
Microsoft Visual Studio Solution File, Format Version 12.00
# Visual Studio Version 16
VisualStudioVersion = 16.0.31515.178
MinimumVisualStudioVersion = 10.0.40219.1
Project("{FAE04EC0-301F-11D3-BF4B-00C04F79EFBC}") = "ConsoleApp3", "ConsoleApp3\ConsoleApp3.csproj", "{DFA0FF84-0974-4E0C-95C4-13D56A63A54C}"
EndProject
Global
	GlobalSection(SolutionConfigurationPlatforms) = preSolution
		Debug|Any CPU = Debug|Any CPU
		Release|Any CPU = Release|Any CPU
	EndGlobalSection
	GlobalSection(ProjectConfigurationPlatforms) = postSolution
		{DFA0FF84-0974-4E0C-95C4-13D56A63A54C}.Debug|Any CPU.ActiveCfg = Debug|Any CPU
		{DFA0FF84-0974-4E0C-95C4-13D56A63A54C}.Debug|Any CPU.Build.0 = Debug|Any CPU
		{DFA0FF84-0974-4E0C-95C4-13D56A63A54C}.Release|Any CPU.ActiveCfg = Release|Any CPU
		{DFA0FF84-0974-4E0C-95C4-13D56A63A54C}.Release|Any CPU.Build.0 = Release|Any CPU
	EndGlobalSection
	GlobalSection(SolutionProperties) = preSolution
		HideSolutionNode = FALSE
	EndGlobalSection
	GlobalSection(ExtensibilityGlobals) = postSolution
		SolutionGuid = {E3100F89-6974-4B62-AC53-BD012F6BAFC3}
	EndGlobalSection
EndGlobal
